
Microsoft Visual Studio Solution File, Format Version 12.00
# Visual Studio Version 17
VisualStudioVersion = 17.0.32014.148
MinimumVisualStudioVersion = 10.0.40219.1
Project("{9A19103F-16F7-4668-BE54-9A1E7A4F7556}") = "EventStore.Library.Core", "EventStore.Library.Core\EventStore.Library.Core.csproj", "{3EADAB9E-70B3-40F4-87FB-F4360135D350}"
EndProject
Project("{9A19103F-16F7-4668-BE54-9A1E7A4F7556}") = "EventStore.Library.Messaging", "EventStore.Library.Messaging\EventStore.Library.Messaging.csproj", "{A805D976-8162-463F-978A-A3326CFE4006}"
EndProject
Project("{2150E333-8FDC-42A3-9474-1A3956D46DE8}") = "tests", "tests", "{1F270662-D6D1-4F4E-975A-1F4D830253C3}"
EndProject
Project("{2150E333-8FDC-42A3-9474-1A3956D46DE8}") = "samples", "samples", "{6D1E842C-7491-4FFF-AFA5-3662572E1C04}"
EndProject
Project("{9A19103F-16F7-4668-BE54-9A1E7A4F7556}") = "EventStore.Library.Examples.Messaging", "..\samples\EventStore.Library.Examples.AspNetCore\EventStore.Library.Examples.AspNetCore\EventStore.Library.Examples.Messaging.csproj", "{649CEA9F-EA6C-40C2-AB62-C1871C2D0C1B}"
EndProject
Project("{FAE04EC0-301F-11D3-BF4B-00C04F79EFBC}") = "EventStore.Library.Tests.Core", "..\test\EventStore.Library.Tests.Core\EventStore.Library.Tests.Core.csproj", "{70FA61BE-74BC-492E-817F-00FB99AE634C}"
EndProject
Project("{FAE04EC0-301F-11D3-BF4B-00C04F79EFBC}") = "EventStore.Library.Testing.Core", "EventStore.Library.Testing.Core\EventStore.Library.Testing.Core.csproj", "{3512B7F7-82E9-4542-A7BB-F403074FE8F6}"
EndProject
Project("{FAE04EC0-301F-11D3-BF4B-00C04F79EFBC}") = "EventStore.Library.Examples.Core", "..\samples\EventStore.Library.Examples.Core\EventStore.Library.Examples.Core.csproj", "{E9AE7DD0-7BF3-4785-93C8-54D8C75A0997}"
EndProject
Global
	GlobalSection(SolutionConfigurationPlatforms) = preSolution
		Debug|Any CPU = Debug|Any CPU
		Release|Any CPU = Release|Any CPU
	EndGlobalSection
	GlobalSection(ProjectConfigurationPlatforms) = postSolution
		{3EADAB9E-70B3-40F4-87FB-F4360135D350}.Debug|Any CPU.ActiveCfg = Debug|Any CPU
		{3EADAB9E-70B3-40F4-87FB-F4360135D350}.Debug|Any CPU.Build.0 = Debug|Any CPU
		{3EADAB9E-70B3-40F4-87FB-F4360135D350}.Release|Any CPU.ActiveCfg = Release|Any CPU
		{3EADAB9E-70B3-40F4-87FB-F4360135D350}.Release|Any CPU.Build.0 = Release|Any CPU
		{A805D976-8162-463F-978A-A3326CFE4006}.Debug|Any CPU.ActiveCfg = Debug|Any CPU
		{A805D976-8162-463F-978A-A3326CFE4006}.Debug|Any CPU.Build.0 = Debug|Any CPU
		{A805D976-8162-463F-978A-A3326CFE4006}.Release|Any CPU.ActiveCfg = Release|Any CPU
		{A805D976-8162-463F-978A-A3326CFE4006}.Release|Any CPU.Build.0 = Release|Any CPU
		{649CEA9F-EA6C-40C2-AB62-C1871C2D0C1B}.Debug|Any CPU.ActiveCfg = Debug|Any CPU
		{649CEA9F-EA6C-40C2-AB62-C1871C2D0C1B}.Debug|Any CPU.Build.0 = Debug|Any CPU
		{649CEA9F-EA6C-40C2-AB62-C1871C2D0C1B}.Release|Any CPU.ActiveCfg = Release|Any CPU
		{649CEA9F-EA6C-40C2-AB62-C1871C2D0C1B}.Release|Any CPU.Build.0 = Release|Any CPU
		{70FA61BE-74BC-492E-817F-00FB99AE634C}.Debug|Any CPU.ActiveCfg = Debug|Any CPU
		{70FA61BE-74BC-492E-817F-00FB99AE634C}.Debug|Any CPU.Build.0 = Debug|Any CPU
		{70FA61BE-74BC-492E-817F-00FB99AE634C}.Release|Any CPU.ActiveCfg = Release|Any CPU
		{70FA61BE-74BC-492E-817F-00FB99AE634C}.Release|Any CPU.Build.0 = Release|Any CPU
		{3512B7F7-82E9-4542-A7BB-F403074FE8F6}.Debug|Any CPU.ActiveCfg = Debug|Any CPU
		{3512B7F7-82E9-4542-A7BB-F403074FE8F6}.Debug|Any CPU.Build.0 = Debug|Any CPU
		{3512B7F7-82E9-4542-A7BB-F403074FE8F6}.Release|Any CPU.ActiveCfg = Release|Any CPU
		{3512B7F7-82E9-4542-A7BB-F403074FE8F6}.Release|Any CPU.Build.0 = Release|Any CPU
		{E9AE7DD0-7BF3-4785-93C8-54D8C75A0997}.Debug|Any CPU.ActiveCfg = Debug|Any CPU
		{E9AE7DD0-7BF3-4785-93C8-54D8C75A0997}.Debug|Any CPU.Build.0 = Debug|Any CPU
		{E9AE7DD0-7BF3-4785-93C8-54D8C75A0997}.Release|Any CPU.ActiveCfg = Release|Any CPU
		{E9AE7DD0-7BF3-4785-93C8-54D8C75A0997}.Release|Any CPU.Build.0 = Release|Any CPU
	EndGlobalSection
	GlobalSection(SolutionProperties) = preSolution
		HideSolutionNode = FALSE
	EndGlobalSection
	GlobalSection(NestedProjects) = preSolution
		{649CEA9F-EA6C-40C2-AB62-C1871C2D0C1B} = {6D1E842C-7491-4FFF-AFA5-3662572E1C04}
		{70FA61BE-74BC-492E-817F-00FB99AE634C} = {1F270662-D6D1-4F4E-975A-1F4D830253C3}
		{E9AE7DD0-7BF3-4785-93C8-54D8C75A0997} = {6D1E842C-7491-4FFF-AFA5-3662572E1C04}
	EndGlobalSection
	GlobalSection(ExtensibilityGlobals) = postSolution
		SolutionGuid = {CECB1408-76E5-4AA5-ABFF-8379512EB367}
	EndGlobalSection
EndGlobal
